
Microsoft Visual Studio Solution File, Format Version 12.00
# Visual Studio Version 16
VisualStudioVersion = 16.0.30517.126
MinimumVisualStudioVersion = 10.0.40219.1
Project("{9A19103F-16F7-4668-BE54-9A1E7A4F7556}") = "TestApp", "TestApp\TestApp.csproj", "{80F831D1-F979-46D0-A43F-451FFCB19751}"
EndProject
Project("{FAE04EC0-301F-11D3-BF4B-00C04F79EFBC}") = "NeilRamsbottom.Zaptec.Charger.Api", "Ramsbottom.Zaptec.Charger.Api\NeilRamsbottom.Zaptec.Charger.Api.csproj", "{94699FED-576E-490C-8C97-6B362A7A0FF6}"
EndProject
Global
	GlobalSection(SolutionConfigurationPlatforms) = preSolution
		Debug|Any CPU = Debug|Any CPU
		Release|Any CPU = Release|Any CPU
	EndGlobalSection
	GlobalSection(ProjectConfigurationPlatforms) = postSolution
		{80F831D1-F979-46D0-A43F-451FFCB19751}.Debug|Any CPU.ActiveCfg = Debug|Any CPU
		{80F831D1-F979-46D0-A43F-451FFCB19751}.Debug|Any CPU.Build.0 = Debug|Any CPU
		{80F831D1-F979-46D0-A43F-451FFCB19751}.Release|Any CPU.ActiveCfg = Release|Any CPU
		{80F831D1-F979-46D0-A43F-451FFCB19751}.Release|Any CPU.Build.0 = Release|Any CPU
		{94699FED-576E-490C-8C97-6B362A7A0FF6}.Debug|Any CPU.ActiveCfg = Debug|Any CPU
		{94699FED-576E-490C-8C97-6B362A7A0FF6}.Debug|Any CPU.Build.0 = Debug|Any CPU
		{94699FED-576E-490C-8C97-6B362A7A0FF6}.Release|Any CPU.ActiveCfg = Release|Any CPU
		{94699FED-576E-490C-8C97-6B362A7A0FF6}.Release|Any CPU.Build.0 = Release|Any CPU
	EndGlobalSection
	GlobalSection(SolutionProperties) = preSolution
		HideSolutionNode = FALSE
	EndGlobalSection
	GlobalSection(ExtensibilityGlobals) = postSolution
		SolutionGuid = {4CC5F6F1-0D8B-4125-B1A4-CDCF7107B4B2}
	EndGlobalSection
EndGlobal
